
Microsoft Visual Studio Solution File, Format Version 12.00
# Visual Studio Version 17
VisualStudioVersion = 17.14.36518.9
MinimumVisualStudioVersion = 10.0.40219.1
Project("{8BC9CEB8-8B4A-11D0-8D11-00A0C91BC942}") = "PaceMaker", "PaceMaker\PaceMaker.vcxproj", "{AA693200-F4ED-4AF2-8043-D01F004F7594}"
EndProject
Project("{8BC9CEB8-8B4A-11D0-8D11-00A0C91BC942}") = "CommonLib", "CommonLib\CommonLib.vcxproj", "{A73C624A-6DA8-485D-A4D2-868AB2A9471C}"
EndProject
Project("{8BC9CEB8-8B4A-11D0-8D11-00A0C91BC942}") = "DataReader", "DataReader\DataReader.vcxproj", "{7C8C7488-A8E7-4CA8-AA45-A6D6FC0458E9}"
EndProject
Global
	GlobalSection(SolutionConfigurationPlatforms) = preSolution
		Debug|x64 = Debug|x64
		Debug|x86 = Debug|x86
		Release|x64 = Release|x64
		Release|x86 = Release|x86
	EndGlobalSection
	GlobalSection(ProjectConfigurationPlatforms) = postSolution
		{AA693200-F4ED-4AF2-8043-D01F004F7594}.Debug|x64.ActiveCfg = Debug|x64
		{AA693200-F4ED-4AF2-8043-D01F004F7594}.Debug|x64.Build.0 = Debug|x64
		{AA693200-F4ED-4AF2-8043-D01F004F7594}.Debug|x86.ActiveCfg = Debug|Win32
		{AA693200-F4ED-4AF2-8043-D01F004F7594}.Debug|x86.Build.0 = Debug|Win32
		{AA693200-F4ED-4AF2-8043-D01F004F7594}.Release|x64.ActiveCfg = Release|x64
		{AA693200-F4ED-4AF2-8043-D01F004F7594}.Release|x64.Build.0 = Release|x64
		{AA693200-F4ED-4AF2-8043-D01F004F7594}.Release|x86.ActiveCfg = Release|Win32
		{AA693200-F4ED-4AF2-8043-D01F004F7594}.Release|x86.Build.0 = Release|Win32
		{A73C624A-6DA8-485D-A4D2-868AB2A9471C}.Debug|x64.ActiveCfg = Debug|x64
		{A73C624A-6DA8-485D-A4D2-868AB2A9471C}.Debug|x64.Build.0 = Debug|x64
		{A73C624A-6DA8-485D-A4D2-868AB2A9471C}.Debug|x86.ActiveCfg = Debug|Win32
		{A73C624A-6DA8-485D-A4D2-868AB2A9471C}.Debug|x86.Build.0 = Debug|Win32
		{A73C624A-6DA8-485D-A4D2-868AB2A9471C}.Release|x64.ActiveCfg = Release|x64
		{A73C624A-6DA8-485D-A4D2-868AB2A9471C}.Release|x64.Build.0 = Release|x64
		{A73C624A-6DA8-485D-A4D2-868AB2A9471C}.Release|x86.ActiveCfg = Release|Win32
		{A73C624A-6DA8-485D-A4D2-868AB2A9471C}.Release|x86.Build.0 = Release|Win32
		{7C8C7488-A8E7-4CA8-AA45-A6D6FC0458E9}.Debug|x64.ActiveCfg = Debug|x64
		{7C8C7488-A8E7-4CA8-AA45-A6D6FC0458E9}.Debug|x64.Build.0 = Debug|x64
		{7C8C7488-A8E7-4CA8-AA45-A6D6FC0458E9}.Debug|x86.ActiveCfg = Debug|Win32
		{7C8C7488-A8E7-4CA8-AA45-A6D6FC0458E9}.Debug|x86.Build.0 = Debug|Win32
		{7C8C7488-A8E7-4CA8-AA45-A6D6FC0458E9}.Release|x64.ActiveCfg = Release|x64
		{7C8C7488-A8E7-4CA8-AA45-A6D6FC0458E9}.Release|x64.Build.0 = Release|x64
		{7C8C7488-A8E7-4CA8-AA45-A6D6FC0458E9}.Release|x86.ActiveCfg = Release|Win32
		{7C8C7488-A8E7-4CA8-AA45-A6D6FC0458E9}.Release|x86.Build.0 = Release|Win32
	EndGlobalSection
	GlobalSection(SolutionProperties) = preSolution
		HideSolutionNode = FALSE
	EndGlobalSection
	GlobalSection(ExtensibilityGlobals) = postSolution
		SolutionGuid = {33B046BF-0461-4446-AB74-BDA5A80FA320}
	EndGlobalSection
EndGlobal
